
Microsoft Visual Studio Solution File, Format Version 12.00
# Visual Studio 15
Project("{FAE04EC0-301F-11D3-BF4B-00C04F79EFBC}") = "NotificationManager", "NotificationManager\NotificationManager.csproj", "{AFB4724C-97CB-4767-9A81-5005B3F0A933}"
EndProject
Global
	GlobalSection(SolutionConfigurationPlatforms) = preSolution
		Debug|anycpu = Debug|anycpu
		Release|anycpu = Release|anycpu
	EndGlobalSection
	GlobalSection(ProjectConfigurationPlatforms) = postSolution
		{AFB4724C-97CB-4767-9A81-5005B3F0A933}.Debug|anycpu.ActiveCfg = Debug|anycpu
		{AFB4724C-97CB-4767-9A81-5005B3F0A933}.Debug|anycpu.Build.0 = Debug|anycpu
		{AFB4724C-97CB-4767-9A81-5005B3F0A933}.Release|anycpu.ActiveCfg = Release|anycpu
		{AFB4724C-97CB-4767-9A81-5005B3F0A933}.Release|anycpu.Build.0 = Release|anycpu
	EndGlobalSection
	GlobalSection(MonoDevelopProperties) = preSolution
		Policies = $0
		$0.DotNetNamingPolicy = $1
		$1.DirectoryNamespaceAssociation = PrefixedHierarchical
	EndGlobalSection
EndGlobal
